
Microsoft Visual Studio Solution File, Format Version 12.00
# Visual Studio 2012
Project("{FAE04EC0-301F-11D3-BF4B-00C04F79EFBC}") = "DroidDemo", "DroidDemo\DroidDemo.csproj", "{391B721D-CC9D-4966-9557-A7C586974021}"
EndProject
Global
	GlobalSection(SolutionConfigurationPlatforms) = preSolution
		Debug|Any CPU = Debug|Any CPU
		Release|Any CPU = Release|Any CPU
	EndGlobalSection
	GlobalSection(ProjectConfigurationPlatforms) = postSolution
		{391B721D-CC9D-4966-9557-A7C586974021}.Debug|Any CPU.ActiveCfg = Debug|Any CPU
		{391B721D-CC9D-4966-9557-A7C586974021}.Debug|Any CPU.Build.0 = Debug|Any CPU
		{391B721D-CC9D-4966-9557-A7C586974021}.Release|Any CPU.ActiveCfg = Release|Any CPU
		{391B721D-CC9D-4966-9557-A7C586974021}.Release|Any CPU.Build.0 = Release|Any CPU
	EndGlobalSection
EndGlobal
